
Microsoft Visual Studio Solution File, Format Version 12.00
# Visual Studio 15
VisualStudioVersion = 15.0.28307.489
MinimumVisualStudioVersion = 10.0.40219.1
Project("{FAE04EC0-301F-11D3-BF4B-00C04F79EFBC}") = "MaterialDesignDemo3", "MaterialDesignDemo3\MaterialDesignDemo3.csproj", "{90375223-8B98-4BB4-ADEF-BE2A210FBE9B}"
EndProject
Global
	GlobalSection(SolutionConfigurationPlatforms) = preSolution
		Debug|Any CPU = Debug|Any CPU
		Release|Any CPU = Release|Any CPU
	EndGlobalSection
	GlobalSection(ProjectConfigurationPlatforms) = postSolution
		{90375223-8B98-4BB4-ADEF-BE2A210FBE9B}.Debug|Any CPU.ActiveCfg = Debug|Any CPU
		{90375223-8B98-4BB4-ADEF-BE2A210FBE9B}.Debug|Any CPU.Build.0 = Debug|Any CPU
		{90375223-8B98-4BB4-ADEF-BE2A210FBE9B}.Release|Any CPU.ActiveCfg = Release|Any CPU
		{90375223-8B98-4BB4-ADEF-BE2A210FBE9B}.Release|Any CPU.Build.0 = Release|Any CPU
	EndGlobalSection
	GlobalSection(SolutionProperties) = preSolution
		HideSolutionNode = FALSE
	EndGlobalSection
	GlobalSection(ExtensibilityGlobals) = postSolution
		SolutionGuid = {C9DD3AE3-FD51-470E-AF60-568884543995}
	EndGlobalSection
EndGlobal
